
Microsoft Visual Studio Solution File, Format Version 12.00
# Visual Studio Version 17
VisualStudioVersion = 17.7.34031.279
MinimumVisualStudioVersion = 10.0.40219.1
Project("{FAE04EC0-301F-11D3-BF4B-00C04F79EFBC}") = "Exam Project TPM", "Exam Project TPM\Exam Project TPM.csproj", "{069BF029-90C6-4FB0-B5B6-0B4C9D24AF28}"
EndProject
Project("{FAE04EC0-301F-11D3-BF4B-00C04F79EFBC}") = "CalcClass", "CalcClass\CalcClass.csproj", "{E36FE589-F8BB-4E6C-B670-CDACE796491A}"
EndProject
Project("{FAE04EC0-301F-11D3-BF4B-00C04F79EFBC}") = "Tests", "Tests\Tests.csproj", "{1A5C17F6-908C-4235-B824-3D782C3057B6}"
EndProject
Global
	GlobalSection(SolutionConfigurationPlatforms) = preSolution
		Debug|Any CPU = Debug|Any CPU
		Release|Any CPU = Release|Any CPU
	EndGlobalSection
	GlobalSection(ProjectConfigurationPlatforms) = postSolution
		{069BF029-90C6-4FB0-B5B6-0B4C9D24AF28}.Debug|Any CPU.ActiveCfg = Debug|Any CPU
		{069BF029-90C6-4FB0-B5B6-0B4C9D24AF28}.Debug|Any CPU.Build.0 = Debug|Any CPU
		{069BF029-90C6-4FB0-B5B6-0B4C9D24AF28}.Release|Any CPU.ActiveCfg = Release|Any CPU
		{069BF029-90C6-4FB0-B5B6-0B4C9D24AF28}.Release|Any CPU.Build.0 = Release|Any CPU
		{E36FE589-F8BB-4E6C-B670-CDACE796491A}.Debug|Any CPU.ActiveCfg = Debug|Any CPU
		{E36FE589-F8BB-4E6C-B670-CDACE796491A}.Debug|Any CPU.Build.0 = Debug|Any CPU
		{E36FE589-F8BB-4E6C-B670-CDACE796491A}.Release|Any CPU.ActiveCfg = Release|Any CPU
		{E36FE589-F8BB-4E6C-B670-CDACE796491A}.Release|Any CPU.Build.0 = Release|Any CPU
		{1A5C17F6-908C-4235-B824-3D782C3057B6}.Debug|Any CPU.ActiveCfg = Debug|Any CPU
		{1A5C17F6-908C-4235-B824-3D782C3057B6}.Debug|Any CPU.Build.0 = Debug|Any CPU
		{1A5C17F6-908C-4235-B824-3D782C3057B6}.Release|Any CPU.ActiveCfg = Release|Any CPU
		{1A5C17F6-908C-4235-B824-3D782C3057B6}.Release|Any CPU.Build.0 = Release|Any CPU
	EndGlobalSection
	GlobalSection(SolutionProperties) = preSolution
		HideSolutionNode = FALSE
	EndGlobalSection
	GlobalSection(ExtensibilityGlobals) = postSolution
		SolutionGuid = {89D13C71-4A06-44FF-B8C1-CDCD7628EBCE}
	EndGlobalSection
EndGlobal
